
Microsoft Visual Studio Solution File, Format Version 12.00
# Visual Studio Version 17
VisualStudioVersion = 17.6.33829.357
MinimumVisualStudioVersion = 10.0.40219.1
Project("{FAE04EC0-301F-11D3-BF4B-00C04F79EFBC}") = "mf-api-web-services-fuel-manager", "mf-api-web-services-fuel-manager\mf-api-web-services-fuel-manager.csproj", "{CC7D9AFF-946D-4CAE-9551-09B9D9CEFECB}"
EndProject
Global
	GlobalSection(SolutionConfigurationPlatforms) = preSolution
		Debug|Any CPU = Debug|Any CPU
		Release|Any CPU = Release|Any CPU
	EndGlobalSection
	GlobalSection(ProjectConfigurationPlatforms) = postSolution
		{CC7D9AFF-946D-4CAE-9551-09B9D9CEFECB}.Debug|Any CPU.ActiveCfg = Debug|Any CPU
		{CC7D9AFF-946D-4CAE-9551-09B9D9CEFECB}.Debug|Any CPU.Build.0 = Debug|Any CPU
		{CC7D9AFF-946D-4CAE-9551-09B9D9CEFECB}.Release|Any CPU.ActiveCfg = Release|Any CPU
		{CC7D9AFF-946D-4CAE-9551-09B9D9CEFECB}.Release|Any CPU.Build.0 = Release|Any CPU
	EndGlobalSection
	GlobalSection(SolutionProperties) = preSolution
		HideSolutionNode = FALSE
	EndGlobalSection
	GlobalSection(ExtensibilityGlobals) = postSolution
		SolutionGuid = {09AD1368-E634-451D-8D29-5AEE906319DF}
	EndGlobalSection
EndGlobal
